
Microsoft Visual Studio Solution File, Format Version 12.00
# Visual Studio Version 17
VisualStudioVersion = 17.4.33205.214
MinimumVisualStudioVersion = 10.0.40219.1
Project("{FAE04EC0-301F-11D3-BF4B-00C04F79EFBC}") = "DailyQuotes", "DailyQuotes\DailyQuotes.csproj", "{B21D9B65-BE02-4930-A6C1-90F747C1C4FA}"
EndProject
Global
	GlobalSection(SolutionConfigurationPlatforms) = preSolution
		Debug|Any CPU = Debug|Any CPU
		Release|Any CPU = Release|Any CPU
	EndGlobalSection
	GlobalSection(ProjectConfigurationPlatforms) = postSolution
		{B21D9B65-BE02-4930-A6C1-90F747C1C4FA}.Debug|Any CPU.ActiveCfg = Debug|Any CPU
		{B21D9B65-BE02-4930-A6C1-90F747C1C4FA}.Debug|Any CPU.Build.0 = Debug|Any CPU
		{B21D9B65-BE02-4930-A6C1-90F747C1C4FA}.Release|Any CPU.ActiveCfg = Release|Any CPU
		{B21D9B65-BE02-4930-A6C1-90F747C1C4FA}.Release|Any CPU.Build.0 = Release|Any CPU
	EndGlobalSection
	GlobalSection(SolutionProperties) = preSolution
		HideSolutionNode = FALSE
	EndGlobalSection
	GlobalSection(ExtensibilityGlobals) = postSolution
		SolutionGuid = {77433818-7D92-49D0-99C7-6D3FA4B2DEB1}
	EndGlobalSection
EndGlobal
